
Microsoft Visual Studio Solution File, Format Version 11.00
# Visual Studio 2010
Project("{FAE04EC0-301F-11D3-BF4B-00C04F79EFBC}") = "FaceMix", "FaceMix\FaceMix.csproj", "{1EEB6ADE-5B77-4CE3-873B-4E0410BCCE29}"
	ProjectSection(ProjectDependencies) = postProject
		{2E558976-629E-46C0-A17B-8D8FA2208BD1} = {2E558976-629E-46C0-A17B-8D8FA2208BD1}
		{19FD8EE6-79CC-4BAC-9744-D9573BE47C7E} = {19FD8EE6-79CC-4BAC-9744-D9573BE47C7E}
	EndProjectSection
EndProject
Project("{FAE04EC0-301F-11D3-BF4B-00C04F79EFBC}") = "FaceMix.Base", "FaceMixBase\FaceMix.Base.csproj", "{5FE3757A-C380-427E-9C05-848555B79879}"
EndProject
Project("{FAE04EC0-301F-11D3-BF4B-00C04F79EFBC}") = "FaceMix.Core", "FaceMixCore\FaceMix.Core.csproj", "{D703AF00-5A3A-47DE-AFA3-C4343C584116}"
EndProject
Project("{FAE04EC0-301F-11D3-BF4B-00C04F79EFBC}") = "FaceMix.ExtendedModifiers", "FaceMixExtendedModifiers\FaceMix.ExtendedModifiers.csproj", "{2E558976-629E-46C0-A17B-8D8FA2208BD1}"
	ProjectSection(ProjectDependencies) = postProject
		{15F64F20-0744-461C-B04E-61DA9E32C2D0} = {15F64F20-0744-461C-B04E-61DA9E32C2D0}
	EndProjectSection
EndProject
Project("{8BC9CEB8-8B4A-11D0-8D11-00A0C91BC942}") = "FaceMix.Wrappers", "FaceMixWrappers\FaceMix.Wrappers.vcxproj", "{15F64F20-0744-461C-B04E-61DA9E32C2D0}"
	ProjectSection(ProjectDependencies) = postProject
		{19FD8EE6-79CC-4BAC-9744-D9573BE47C7E} = {19FD8EE6-79CC-4BAC-9744-D9573BE47C7E}
	EndProjectSection
EndProject
Project("{8BC9CEB8-8B4A-11D0-8D11-00A0C91BC942}") = "niflib", "niflib-0.7.2\niflib.vcxproj", "{19FD8EE6-79CC-4BAC-9744-D9573BE47C7E}"
EndProject
Global
	GlobalSection(SolutionConfigurationPlatforms) = preSolution
		Debug - DLL|Any CPU = Debug - DLL|Any CPU
		Debug - DLL|Mixed Platforms = Debug - DLL|Mixed Platforms
		Debug - DLL|Win32 = Debug - DLL|Win32
		Debug - DLL|x86 = Debug - DLL|x86
		Debug - Static|Any CPU = Debug - Static|Any CPU
		Debug - Static|Mixed Platforms = Debug - Static|Mixed Platforms
		Debug - Static|Win32 = Debug - Static|Win32
		Debug - Static|x86 = Debug - Static|x86
		Debug|Any CPU = Debug|Any CPU
		Debug|Mixed Platforms = Debug|Mixed Platforms
		Debug|Win32 = Debug|Win32
		Debug|x86 = Debug|x86
		Release - DLL|Any CPU = Release - DLL|Any CPU
		Release - DLL|Mixed Platforms = Release - DLL|Mixed Platforms
		Release - DLL|Win32 = Release - DLL|Win32
		Release - DLL|x86 = Release - DLL|x86
		Release - Static|Any CPU = Release - Static|Any CPU
		Release - Static|Mixed Platforms = Release - Static|Mixed Platforms
		Release - Static|Win32 = Release - Static|Win32
		Release - Static|x86 = Release - Static|x86
		Release|Any CPU = Release|Any CPU
		Release|Mixed Platforms = Release|Mixed Platforms
		Release|Win32 = Release|Win32
		Release|x86 = Release|x86
	EndGlobalSection
	GlobalSection(ProjectConfigurationPlatforms) = postSolution
		{1EEB6ADE-5B77-4CE3-873B-4E0410BCCE29}.Debug - DLL|Any CPU.ActiveCfg = Debug|x86
		{1EEB6ADE-5B77-4CE3-873B-4E0410BCCE29}.Debug - DLL|Mixed Platforms.ActiveCfg = Debug|x86
		{1EEB6ADE-5B77-4CE3-873B-4E0410BCCE29}.Debug - DLL|Mixed Platforms.Build.0 = Debug|x86
		{1EEB6ADE-5B77-4CE3-873B-4E0410BCCE29}.Debug - DLL|Win32.ActiveCfg = Debug|x86
		{1EEB6ADE-5B77-4CE3-873B-4E0410BCCE29}.Debug - DLL|x86.ActiveCfg = Debug|x86
		{1EEB6ADE-5B77-4CE3-873B-4E0410BCCE29}.Debug - DLL|x86.Build.0 = Debug|x86
		{1EEB6ADE-5B77-4CE3-873B-4E0410BCCE29}.Debug - Static|Any CPU.ActiveCfg = Debug|x86
		{1EEB6ADE-5B77-4CE3-873B-4E0410BCCE29}.Debug - Static|Mixed Platforms.ActiveCfg = Debug|x86
		{1EEB6ADE-5B77-4CE3-873B-4E0410BCCE29}.Debug - Static|Mixed Platforms.Build.0 = Debug|x86
		{1EEB6ADE-5B77-4CE3-873B-4E0410BCCE29}.Debug - Static|Win32.ActiveCfg = Debug|x86
		{1EEB6ADE-5B77-4CE3-873B-4E0410BCCE29}.Debug - Static|x86.ActiveCfg = Debug|x86
		{1EEB6ADE-5B77-4CE3-873B-4E0410BCCE29}.Debug - Static|x86.Build.0 = Debug|x86
		{1EEB6ADE-5B77-4CE3-873B-4E0410BCCE29}.Debug|Any CPU.ActiveCfg = Debug|x86
		{1EEB6ADE-5B77-4CE3-873B-4E0410BCCE29}.Debug|Mixed Platforms.ActiveCfg = Debug|x86
		{1EEB6ADE-5B77-4CE3-873B-4E0410BCCE29}.Debug|Mixed Platforms.Build.0 = Debug|x86
		{1EEB6ADE-5B77-4CE3-873B-4E0410BCCE29}.Debug|Win32.ActiveCfg = Debug|x86
		{1EEB6ADE-5B77-4CE3-873B-4E0410BCCE29}.Debug|x86.ActiveCfg = Debug|x86
		{1EEB6ADE-5B77-4CE3-873B-4E0410BCCE29}.Debug|x86.Build.0 = Debug|x86
		{1EEB6ADE-5B77-4CE3-873B-4E0410BCCE29}.Release - DLL|Any CPU.ActiveCfg = Release|x86
		{1EEB6ADE-5B77-4CE3-873B-4E0410BCCE29}.Release - DLL|Mixed Platforms.ActiveCfg = Release|x86
		{1EEB6ADE-5B77-4CE3-873B-4E0410BCCE29}.Release - DLL|Mixed Platforms.Build.0 = Release|x86
		{1EEB6ADE-5B77-4CE3-873B-4E0410BCCE29}.Release - DLL|Win32.ActiveCfg = Release|x86
		{1EEB6ADE-5B77-4CE3-873B-4E0410BCCE29}.Release - DLL|x86.ActiveCfg = Release|x86
		{1EEB6ADE-5B77-4CE3-873B-4E0410BCCE29}.Release - DLL|x86.Build.0 = Release|x86
		{1EEB6ADE-5B77-4CE3-873B-4E0410BCCE29}.Release - Static|Any CPU.ActiveCfg = Release|x86
		{1EEB6ADE-5B77-4CE3-873B-4E0410BCCE29}.Release - Static|Mixed Platforms.ActiveCfg = Release|x86
		{1EEB6ADE-5B77-4CE3-873B-4E0410BCCE29}.Release - Static|Mixed Platforms.Build.0 = Release|x86
		{1EEB6ADE-5B77-4CE3-873B-4E0410BCCE29}.Release - Static|Win32.ActiveCfg = Release|x86
		{1EEB6ADE-5B77-4CE3-873B-4E0410BCCE29}.Release - Static|x86.ActiveCfg = Release|x86
		{1EEB6ADE-5B77-4CE3-873B-4E0410BCCE29}.Release - Static|x86.Build.0 = Release|x86
		{1EEB6ADE-5B77-4CE3-873B-4E0410BCCE29}.Release|Any CPU.ActiveCfg = Release|x86
		{1EEB6ADE-5B77-4CE3-873B-4E0410BCCE29}.Release|Mixed Platforms.ActiveCfg = Release|x86
		{1EEB6ADE-5B77-4CE3-873B-4E0410BCCE29}.Release|Mixed Platforms.Build.0 = Release|x86
		{1EEB6ADE-5B77-4CE3-873B-4E0410BCCE29}.Release|Win32.ActiveCfg = Release|x86
		{1EEB6ADE-5B77-4CE3-873B-4E0410BCCE29}.Release|x86.ActiveCfg = Release|x86
		{1EEB6ADE-5B77-4CE3-873B-4E0410BCCE29}.Release|x86.Build.0 = Release|x86
		{5FE3757A-C380-427E-9C05-848555B79879}.Debug - DLL|Any CPU.ActiveCfg = Debug|Any CPU
		{5FE3757A-C380-427E-9C05-848555B79879}.Debug - DLL|Any CPU.Build.0 = Debug|Any CPU
		{5FE3757A-C380-427E-9C05-848555B79879}.Debug - DLL|Mixed Platforms.ActiveCfg = Debug|Any CPU
		{5FE3757A-C380-427E-9C05-848555B79879}.Debug - DLL|Mixed Platforms.Build.0 = Debug|Any CPU
		{5FE3757A-C380-427E-9C05-848555B79879}.Debug - DLL|Win32.ActiveCfg = Debug|Any CPU
		{5FE3757A-C380-427E-9C05-848555B79879}.Debug - DLL|x86.ActiveCfg = Debug|Any CPU
		{5FE3757A-C380-427E-9C05-848555B79879}.Debug - Static|Any CPU.ActiveCfg = Debug|Any CPU
		{5FE3757A-C380-427E-9C05-848555B79879}.Debug - Static|Any CPU.Build.0 = Debug|Any CPU
		{5FE3757A-C380-427E-9C05-848555B79879}.Debug - Static|Mixed Platforms.ActiveCfg = Debug|Any CPU
		{5FE3757A-C380-427E-9C05-848555B79879}.Debug - Static|Mixed Platforms.Build.0 = Debug|Any CPU
		{5FE3757A-C380-427E-9C05-848555B79879}.Debug - Static|Win32.ActiveCfg = Debug|Any CPU
		{5FE3757A-C380-427E-9C05-848555B79879}.Debug - Static|x86.ActiveCfg = Debug|Any CPU
		{5FE3757A-C380-427E-9C05-848555B79879}.Debug|Any CPU.ActiveCfg = Debug|Any CPU
		{5FE3757A-C380-427E-9C05-848555B79879}.Debug|Any CPU.Build.0 = Debug|Any CPU
		{5FE3757A-C380-427E-9C05-848555B79879}.Debug|Mixed Platforms.ActiveCfg = Debug|Any CPU
		{5FE3757A-C380-427E-9C05-848555B79879}.Debug|Mixed Platforms.Build.0 = Debug|Any CPU
		{5FE3757A-C380-427E-9C05-848555B79879}.Debug|Win32.ActiveCfg = Debug|Any CPU
		{5FE3757A-C380-427E-9C05-848555B79879}.Debug|x86.ActiveCfg = Debug|Any CPU
		{5FE3757A-C380-427E-9C05-848555B79879}.Release - DLL|Any CPU.ActiveCfg = Release|Any CPU
		{5FE3757A-C380-427E-9C05-848555B79879}.Release - DLL|Any CPU.Build.0 = Release|Any CPU
		{5FE3757A-C380-427E-9C05-848555B79879}.Release - DLL|Mixed Platforms.ActiveCfg = Release|Any CPU
		{5FE3757A-C380-427E-9C05-848555B79879}.Release - DLL|Mixed Platforms.Build.0 = Release|Any CPU
		{5FE3757A-C380-427E-9C05-848555B79879}.Release - DLL|Win32.ActiveCfg = Release|Any CPU
		{5FE3757A-C380-427E-9C05-848555B79879}.Release - DLL|x86.ActiveCfg = Release|Any CPU
		{5FE3757A-C380-427E-9C05-848555B79879}.Release - Static|Any CPU.ActiveCfg = Release|Any CPU
		{5FE3757A-C380-427E-9C05-848555B79879}.Release - Static|Any CPU.Build.0 = Release|Any CPU
		{5FE3757A-C380-427E-9C05-848555B79879}.Release - Static|Mixed Platforms.ActiveCfg = Release|Any CPU
		{5FE3757A-C380-427E-9C05-848555B79879}.Release - Static|Mixed Platforms.Build.0 = Release|Any CPU
		{5FE3757A-C380-427E-9C05-848555B79879}.Release - Static|Win32.ActiveCfg = Release|Any CPU
		{5FE3757A-C380-427E-9C05-848555B79879}.Release - Static|x86.ActiveCfg = Release|Any CPU
		{5FE3757A-C380-427E-9C05-848555B79879}.Release|Any CPU.ActiveCfg = Release|Any CPU
		{5FE3757A-C380-427E-9C05-848555B79879}.Release|Any CPU.Build.0 = Release|Any CPU
		{5FE3757A-C380-427E-9C05-848555B79879}.Release|Mixed Platforms.ActiveCfg = Release|Any CPU
		{5FE3757A-C380-427E-9C05-848555B79879}.Release|Mixed Platforms.Build.0 = Release|Any CPU
		{5FE3757A-C380-427E-9C05-848555B79879}.Release|Win32.ActiveCfg = Release|Any CPU
		{5FE3757A-C380-427E-9C05-848555B79879}.Release|x86.ActiveCfg = Release|Any CPU
		{D703AF00-5A3A-47DE-AFA3-C4343C584116}.Debug - DLL|Any CPU.ActiveCfg = Debug|Any CPU
		{D703AF00-5A3A-47DE-AFA3-C4343C584116}.Debug - DLL|Any CPU.Build.0 = Debug|Any CPU
		{D703AF00-5A3A-47DE-AFA3-C4343C584116}.Debug - DLL|Mixed Platforms.ActiveCfg = Debug|Any CPU
		{D703AF00-5A3A-47DE-AFA3-C4343C584116}.Debug - DLL|Mixed Platforms.Build.0 = Debug|Any CPU
		{D703AF00-5A3A-47DE-AFA3-C4343C584116}.Debug - DLL|Win32.ActiveCfg = Debug|Any CPU
		{D703AF00-5A3A-47DE-AFA3-C4343C584116}.Debug - DLL|x86.ActiveCfg = Debug|Any CPU
		{D703AF00-5A3A-47DE-AFA3-C4343C584116}.Debug - Static|Any CPU.ActiveCfg = Debug|Any CPU
		{D703AF00-5A3A-47DE-AFA3-C4343C584116}.Debug - Static|Any CPU.Build.0 = Debug|Any CPU
		{D703AF00-5A3A-47DE-AFA3-C4343C584116}.Debug - Static|Mixed Platforms.ActiveCfg = Debug|Any CPU
		{D703AF00-5A3A-47DE-AFA3-C4343C584116}.Debug - Static|Mixed Platforms.Build.0 = Debug|Any CPU
		{D703AF00-5A3A-47DE-AFA3-C4343C584116}.Debug - Static|Win32.ActiveCfg = Debug|Any CPU
		{D703AF00-5A3A-47DE-AFA3-C4343C584116}.Debug - Static|x86.ActiveCfg = Debug|Any CPU
		{D703AF00-5A3A-47DE-AFA3-C4343C584116}.Debug|Any CPU.ActiveCfg = Debug|Any CPU
		{D703AF00-5A3A-47DE-AFA3-C4343C584116}.Debug|Any CPU.Build.0 = Debug|Any CPU
		{D703AF00-5A3A-47DE-AFA3-C4343C584116}.Debug|Mixed Platforms.ActiveCfg = Debug|Any CPU
		{D703AF00-5A3A-47DE-AFA3-C4343C584116}.Debug|Mixed Platforms.Build.0 = Debug|Any CPU
		{D703AF00-5A3A-47DE-AFA3-C4343C584116}.Debug|Win32.ActiveCfg = Debug|Any CPU
		{D703AF00-5A3A-47DE-AFA3-C4343C584116}.Debug|x86.ActiveCfg = Debug|Any CPU
		{D703AF00-5A3A-47DE-AFA3-C4343C584116}.Release - DLL|Any CPU.ActiveCfg = Release|Any CPU
		{D703AF00-5A3A-47DE-AFA3-C4343C584116}.Release - DLL|Any CPU.Build.0 = Release|Any CPU
		{D703AF00-5A3A-47DE-AFA3-C4343C584116}.Release - DLL|Mixed Platforms.ActiveCfg = Release|Any CPU
		{D703AF00-5A3A-47DE-AFA3-C4343C584116}.Release - DLL|Mixed Platforms.Build.0 = Release|Any CPU
		{D703AF00-5A3A-47DE-AFA3-C4343C584116}.Release - DLL|Win32.ActiveCfg = Release|Any CPU
		{D703AF00-5A3A-47DE-AFA3-C4343C584116}.Release - DLL|x86.ActiveCfg = Release|Any CPU
		{D703AF00-5A3A-47DE-AFA3-C4343C584116}.Release - Static|Any CPU.ActiveCfg = Release|Any CPU
		{D703AF00-5A3A-47DE-AFA3-C4343C584116}.Release - Static|Any CPU.Build.0 = Release|Any CPU
		{D703AF00-5A3A-47DE-AFA3-C4343C584116}.Release - Static|Mixed Platforms.ActiveCfg = Release|Any CPU
		{D703AF00-5A3A-47DE-AFA3-C4343C584116}.Release - Static|Mixed Platforms.Build.0 = Release|Any CPU
		{D703AF00-5A3A-47DE-AFA3-C4343C584116}.Release - Static|Win32.ActiveCfg = Release|Any CPU
		{D703AF00-5A3A-47DE-AFA3-C4343C584116}.Release - Static|x86.ActiveCfg = Release|Any CPU
		{D703AF00-5A3A-47DE-AFA3-C4343C584116}.Release|Any CPU.ActiveCfg = Release|Any CPU
		{D703AF00-5A3A-47DE-AFA3-C4343C584116}.Release|Any CPU.Build.0 = Release|Any CPU
		{D703AF00-5A3A-47DE-AFA3-C4343C584116}.Release|Mixed Platforms.ActiveCfg = Release|Any CPU
		{D703AF00-5A3A-47DE-AFA3-C4343C584116}.Release|Mixed Platforms.Build.0 = Release|Any CPU
		{D703AF00-5A3A-47DE-AFA3-C4343C584116}.Release|Win32.ActiveCfg = Release|Any CPU
		{D703AF00-5A3A-47DE-AFA3-C4343C584116}.Release|x86.ActiveCfg = Release|Any CPU
		{2E558976-629E-46C0-A17B-8D8FA2208BD1}.Debug - DLL|Any CPU.ActiveCfg = Debug|Any CPU
		{2E558976-629E-46C0-A17B-8D8FA2208BD1}.Debug - DLL|Any CPU.Build.0 = Debug|Any CPU
		{2E558976-629E-46C0-A17B-8D8FA2208BD1}.Debug - DLL|Mixed Platforms.ActiveCfg = Debug|Any CPU
		{2E558976-629E-46C0-A17B-8D8FA2208BD1}.Debug - DLL|Mixed Platforms.Build.0 = Debug|Any CPU
		{2E558976-629E-46C0-A17B-8D8FA2208BD1}.Debug - DLL|Win32.ActiveCfg = Debug|Any CPU
		{2E558976-629E-46C0-A17B-8D8FA2208BD1}.Debug - DLL|x86.ActiveCfg = Debug|Any CPU
		{2E558976-629E-46C0-A17B-8D8FA2208BD1}.Debug - Static|Any CPU.ActiveCfg = Debug|Any CPU
		{2E558976-629E-46C0-A17B-8D8FA2208BD1}.Debug - Static|Any CPU.Build.0 = Debug|Any CPU
		{2E558976-629E-46C0-A17B-8D8FA2208BD1}.Debug - Static|Mixed Platforms.ActiveCfg = Debug|Any CPU
		{2E558976-629E-46C0-A17B-8D8FA2208BD1}.Debug - Static|Mixed Platforms.Build.0 = Debug|Any CPU
		{2E558976-629E-46C0-A17B-8D8FA2208BD1}.Debug - Static|Win32.ActiveCfg = Debug|Any CPU
		{2E558976-629E-46C0-A17B-8D8FA2208BD1}.Debug - Static|x86.ActiveCfg = Debug|Any CPU
		{2E558976-629E-46C0-A17B-8D8FA2208BD1}.Debug|Any CPU.ActiveCfg = Debug|Any CPU
		{2E558976-629E-46C0-A17B-8D8FA2208BD1}.Debug|Any CPU.Build.0 = Debug|Any CPU
		{2E558976-629E-46C0-A17B-8D8FA2208BD1}.Debug|Mixed Platforms.ActiveCfg = Debug|Any CPU
		{2E558976-629E-46C0-A17B-8D8FA2208BD1}.Debug|Mixed Platforms.Build.0 = Debug|Any CPU
		{2E558976-629E-46C0-A17B-8D8FA2208BD1}.Debug|Win32.ActiveCfg = Debug|Any CPU
		{2E558976-629E-46C0-A17B-8D8FA2208BD1}.Debug|x86.ActiveCfg = Debug|Any CPU
		{2E558976-629E-46C0-A17B-8D8FA2208BD1}.Release - DLL|Any CPU.ActiveCfg = Release|Any CPU
		{2E558976-629E-46C0-A17B-8D8FA2208BD1}.Release - DLL|Any CPU.Build.0 = Release|Any CPU
		{2E558976-629E-46C0-A17B-8D8FA2208BD1}.Release - DLL|Mixed Platforms.ActiveCfg = Release|Any CPU
		{2E558976-629E-46C0-A17B-8D8FA2208BD1}.Release - DLL|Mixed Platforms.Build.0 = Release|Any CPU
		{2E558976-629E-46C0-A17B-8D8FA2208BD1}.Release - DLL|Win32.ActiveCfg = Release|Any CPU
		{2E558976-629E-46C0-A17B-8D8FA2208BD1}.Release - DLL|x86.ActiveCfg = Release|Any CPU
		{2E558976-629E-46C0-A17B-8D8FA2208BD1}.Release - Static|Any CPU.ActiveCfg = Release|Any CPU
		{2E558976-629E-46C0-A17B-8D8FA2208BD1}.Release - Static|Any CPU.Build.0 = Release|Any CPU
		{2E558976-629E-46C0-A17B-8D8FA2208BD1}.Release - Static|Mixed Platforms.ActiveCfg = Release|Any CPU
		{2E558976-629E-46C0-A17B-8D8FA2208BD1}.Release - Static|Mixed Platforms.Build.0 = Release|Any CPU
		{2E558976-629E-46C0-A17B-8D8FA2208BD1}.Release - Static|Win32.ActiveCfg = Release|Any CPU
		{2E558976-629E-46C0-A17B-8D8FA2208BD1}.Release - Static|x86.ActiveCfg = Release|Any CPU
		{2E558976-629E-46C0-A17B-8D8FA2208BD1}.Release|Any CPU.ActiveCfg = Release|Any CPU
		{2E558976-629E-46C0-A17B-8D8FA2208BD1}.Release|Any CPU.Build.0 = Release|Any CPU
		{2E558976-629E-46C0-A17B-8D8FA2208BD1}.Release|Mixed Platforms.ActiveCfg = Release|Any CPU
		{2E558976-629E-46C0-A17B-8D8FA2208BD1}.Release|Mixed Platforms.Build.0 = Release|Any CPU
		{2E558976-629E-46C0-A17B-8D8FA2208BD1}.Release|Win32.ActiveCfg = Release|Any CPU
		{2E558976-629E-46C0-A17B-8D8FA2208BD1}.Release|x86.ActiveCfg = Release|Any CPU
		{15F64F20-0744-461C-B04E-61DA9E32C2D0}.Debug - DLL|Any CPU.ActiveCfg = Debug|Win32
		{15F64F20-0744-461C-B04E-61DA9E32C2D0}.Debug - DLL|Mixed Platforms.ActiveCfg = Debug|Win32
		{15F64F20-0744-461C-B04E-61DA9E32C2D0}.Debug - DLL|Mixed Platforms.Build.0 = Debug|Win32
		{15F64F20-0744-461C-B04E-61DA9E32C2D0}.Debug - DLL|Win32.ActiveCfg = Debug|Win32
		{15F64F20-0744-461C-B04E-61DA9E32C2D0}.Debug - DLL|Win32.Build.0 = Debug|Win32
		{15F64F20-0744-461C-B04E-61DA9E32C2D0}.Debug - DLL|x86.ActiveCfg = Debug|Win32
		{15F64F20-0744-461C-B04E-61DA9E32C2D0}.Debug - Static|Any CPU.ActiveCfg = Debug|Win32
		{15F64F20-0744-461C-B04E-61DA9E32C2D0}.Debug - Static|Mixed Platforms.ActiveCfg = Debug|Win32
		{15F64F20-0744-461C-B04E-61DA9E32C2D0}.Debug - Static|Mixed Platforms.Build.0 = Debug|Win32
		{15F64F20-0744-461C-B04E-61DA9E32C2D0}.Debug - Static|Win32.ActiveCfg = Debug|Win32
		{15F64F20-0744-461C-B04E-61DA9E32C2D0}.Debug - Static|Win32.Build.0 = Debug|Win32
		{15F64F20-0744-461C-B04E-61DA9E32C2D0}.Debug - Static|x86.ActiveCfg = Debug|Win32
		{15F64F20-0744-461C-B04E-61DA9E32C2D0}.Debug|Any CPU.ActiveCfg = Debug|Win32
		{15F64F20-0744-461C-B04E-61DA9E32C2D0}.Debug|Mixed Platforms.ActiveCfg = Debug|Win32
		{15F64F20-0744-461C-B04E-61DA9E32C2D0}.Debug|Mixed Platforms.Build.0 = Debug|Win32
		{15F64F20-0744-461C-B04E-61DA9E32C2D0}.Debug|Win32.ActiveCfg = Debug|Win32
		{15F64F20-0744-461C-B04E-61DA9E32C2D0}.Debug|Win32.Build.0 = Debug|Win32
		{15F64F20-0744-461C-B04E-61DA9E32C2D0}.Debug|x86.ActiveCfg = Debug|Win32
		{15F64F20-0744-461C-B04E-61DA9E32C2D0}.Release - DLL|Any CPU.ActiveCfg = Release|Win32
		{15F64F20-0744-461C-B04E-61DA9E32C2D0}.Release - DLL|Mixed Platforms.ActiveCfg = Release|Win32
		{15F64F20-0744-461C-B04E-61DA9E32C2D0}.Release - DLL|Mixed Platforms.Build.0 = Release|Win32
		{15F64F20-0744-461C-B04E-61DA9E32C2D0}.Release - DLL|Win32.ActiveCfg = Release|Win32
		{15F64F20-0744-461C-B04E-61DA9E32C2D0}.Release - DLL|Win32.Build.0 = Release|Win32
		{15F64F20-0744-461C-B04E-61DA9E32C2D0}.Release - DLL|x86.ActiveCfg = Release|Win32
		{15F64F20-0744-461C-B04E-61DA9E32C2D0}.Release - Static|Any CPU.ActiveCfg = Release|Win32
		{15F64F20-0744-461C-B04E-61DA9E32C2D0}.Release - Static|Mixed Platforms.ActiveCfg = Release|Win32
		{15F64F20-0744-461C-B04E-61DA9E32C2D0}.Release - Static|Mixed Platforms.Build.0 = Release|Win32
		{15F64F20-0744-461C-B04E-61DA9E32C2D0}.Release - Static|Win32.ActiveCfg = Release|Win32
		{15F64F20-0744-461C-B04E-61DA9E32C2D0}.Release - Static|Win32.Build.0 = Release|Win32
		{15F64F20-0744-461C-B04E-61DA9E32C2D0}.Release - Static|x86.ActiveCfg = Release|Win32
		{15F64F20-0744-461C-B04E-61DA9E32C2D0}.Release|Any CPU.ActiveCfg = Release|Win32
		{15F64F20-0744-461C-B04E-61DA9E32C2D0}.Release|Mixed Platforms.ActiveCfg = Release|Win32
		{15F64F20-0744-461C-B04E-61DA9E32C2D0}.Release|Mixed Platforms.Build.0 = Release|Win32
		{15F64F20-0744-461C-B04E-61DA9E32C2D0}.Release|Win32.ActiveCfg = Release|Win32
		{15F64F20-0744-461C-B04E-61DA9E32C2D0}.Release|Win32.Build.0 = Release|Win32
		{15F64F20-0744-461C-B04E-61DA9E32C2D0}.Release|x86.ActiveCfg = Release|Win32
		{19FD8EE6-79CC-4BAC-9744-D9573BE47C7E}.Debug - DLL|Any CPU.ActiveCfg = Debug - DLL|Win32
		{19FD8EE6-79CC-4BAC-9744-D9573BE47C7E}.Debug - DLL|Mixed Platforms.ActiveCfg = Debug - DLL|Win32
		{19FD8EE6-79CC-4BAC-9744-D9573BE47C7E}.Debug - DLL|Mixed Platforms.Build.0 = Debug - DLL|Win32
		{19FD8EE6-79CC-4BAC-9744-D9573BE47C7E}.Debug - DLL|Win32.ActiveCfg = Debug - DLL|Win32
		{19FD8EE6-79CC-4BAC-9744-D9573BE47C7E}.Debug - DLL|Win32.Build.0 = Debug - DLL|Win32
		{19FD8EE6-79CC-4BAC-9744-D9573BE47C7E}.Debug - DLL|x86.ActiveCfg = Debug - DLL|Win32
		{19FD8EE6-79CC-4BAC-9744-D9573BE47C7E}.Debug - Static|Any CPU.ActiveCfg = Debug - Static|Win32
		{19FD8EE6-79CC-4BAC-9744-D9573BE47C7E}.Debug - Static|Mixed Platforms.ActiveCfg = Debug - Static|Win32
		{19FD8EE6-79CC-4BAC-9744-D9573BE47C7E}.Debug - Static|Mixed Platforms.Build.0 = Debug - Static|Win32
		{19FD8EE6-79CC-4BAC-9744-D9573BE47C7E}.Debug - Static|Win32.ActiveCfg = Debug - Static|Win32
		{19FD8EE6-79CC-4BAC-9744-D9573BE47C7E}.Debug - Static|Win32.Build.0 = Debug - Static|Win32
		{19FD8EE6-79CC-4BAC-9744-D9573BE47C7E}.Debug - Static|x86.ActiveCfg = Debug - Static|Win32
		{19FD8EE6-79CC-4BAC-9744-D9573BE47C7E}.Debug|Any CPU.ActiveCfg = Debug - Static|Win32
		{19FD8EE6-79CC-4BAC-9744-D9573BE47C7E}.Debug|Mixed Platforms.ActiveCfg = Debug - DLL|Win32
		{19FD8EE6-79CC-4BAC-9744-D9573BE47C7E}.Debug|Mixed Platforms.Build.0 = Debug - DLL|Win32
		{19FD8EE6-79CC-4BAC-9744-D9573BE47C7E}.Debug|Win32.ActiveCfg = Debug - Static|Win32
		{19FD8EE6-79CC-4BAC-9744-D9573BE47C7E}.Debug|Win32.Build.0 = Debug - Static|Win32
		{19FD8EE6-79CC-4BAC-9744-D9573BE47C7E}.Debug|x86.ActiveCfg = Debug - Static|Win32
		{19FD8EE6-79CC-4BAC-9744-D9573BE47C7E}.Release - DLL|Any CPU.ActiveCfg = Release - DLL|Win32
		{19FD8EE6-79CC-4BAC-9744-D9573BE47C7E}.Release - DLL|Mixed Platforms.ActiveCfg = Release - DLL|Win32
		{19FD8EE6-79CC-4BAC-9744-D9573BE47C7E}.Release - DLL|Mixed Platforms.Build.0 = Release - DLL|Win32
		{19FD8EE6-79CC-4BAC-9744-D9573BE47C7E}.Release - DLL|Win32.ActiveCfg = Release - DLL|Win32
		{19FD8EE6-79CC-4BAC-9744-D9573BE47C7E}.Release - DLL|Win32.Build.0 = Release - DLL|Win32
		{19FD8EE6-79CC-4BAC-9744-D9573BE47C7E}.Release - DLL|x86.ActiveCfg = Release - DLL|Win32
		{19FD8EE6-79CC-4BAC-9744-D9573BE47C7E}.Release - Static|Any CPU.ActiveCfg = Release - Static|Win32
		{19FD8EE6-79CC-4BAC-9744-D9573BE47C7E}.Release - Static|Mixed Platforms.ActiveCfg = Release - Static|Win32
		{19FD8EE6-79CC-4BAC-9744-D9573BE47C7E}.Release - Static|Mixed Platforms.Build.0 = Release - Static|Win32
		{19FD8EE6-79CC-4BAC-9744-D9573BE47C7E}.Release - Static|Win32.ActiveCfg = Release - Static|Win32
		{19FD8EE6-79CC-4BAC-9744-D9573BE47C7E}.Release - Static|Win32.Build.0 = Release - Static|Win32
		{19FD8EE6-79CC-4BAC-9744-D9573BE47C7E}.Release - Static|x86.ActiveCfg = Release - Static|Win32
		{19FD8EE6-79CC-4BAC-9744-D9573BE47C7E}.Release|Any CPU.ActiveCfg = Release - Static|Win32
		{19FD8EE6-79CC-4BAC-9744-D9573BE47C7E}.Release|Mixed Platforms.ActiveCfg = Release - Static|Win32
		{19FD8EE6-79CC-4BAC-9744-D9573BE47C7E}.Release|Mixed Platforms.Build.0 = Release - Static|Win32
		{19FD8EE6-79CC-4BAC-9744-D9573BE47C7E}.Release|Win32.ActiveCfg = Release - Static|Win32
		{19FD8EE6-79CC-4BAC-9744-D9573BE47C7E}.Release|Win32.Build.0 = Release - Static|Win32
		{19FD8EE6-79CC-4BAC-9744-D9573BE47C7E}.Release|x86.ActiveCfg = Release - Static|Win32
	EndGlobalSection
	GlobalSection(SolutionProperties) = preSolution
		HideSolutionNode = FALSE
	EndGlobalSection
EndGlobal
